
Microsoft Visual Studio Solution File, Format Version 12.00
# Visual Studio Version 16
VisualStudioVersion = 16.0.31702.278
MinimumVisualStudioVersion = 10.0.40219.1
Project("{FAE04EC0-301F-11D3-BF4B-00C04F79EFBC}") = "MagicSquare", "MagicSquare.csproj", "{75F096A2-544A-445A-9302-60B7CAA9230F}"
EndProject
Global
	GlobalSection(SolutionConfigurationPlatforms) = preSolution
		Debug|Any CPU = Debug|Any CPU
		Release|Any CPU = Release|Any CPU
	EndGlobalSection
	GlobalSection(ProjectConfigurationPlatforms) = postSolution
		{75F096A2-544A-445A-9302-60B7CAA9230F}.Debug|Any CPU.ActiveCfg = Debug|Any CPU
		{75F096A2-544A-445A-9302-60B7CAA9230F}.Debug|Any CPU.Build.0 = Debug|Any CPU
		{75F096A2-544A-445A-9302-60B7CAA9230F}.Release|Any CPU.ActiveCfg = Release|Any CPU
		{75F096A2-544A-445A-9302-60B7CAA9230F}.Release|Any CPU.Build.0 = Release|Any CPU
	EndGlobalSection
	GlobalSection(SolutionProperties) = preSolution
		HideSolutionNode = FALSE
	EndGlobalSection
	GlobalSection(ExtensibilityGlobals) = postSolution
		SolutionGuid = {3EC2619B-475E-4414-982D-1E7B7A49199F}
	EndGlobalSection
EndGlobal
